
Microsoft Visual Studio Solution File, Format Version 12.00
# Visual Studio Version 16
VisualStudioVersion = 16.0.31515.178
MinimumVisualStudioVersion = 10.0.40219.1
Project("{FAE04EC0-301F-11D3-BF4B-00C04F79EFBC}") = "MyThridProject", "MyThridProject\MyThridProject.csproj", "{A55B0951-7D08-4982-BCC4-3391BA61BDD0}"
EndProject
Global
	GlobalSection(SolutionConfigurationPlatforms) = preSolution
		Debug|Any CPU = Debug|Any CPU
		Release|Any CPU = Release|Any CPU
	EndGlobalSection
	GlobalSection(ProjectConfigurationPlatforms) = postSolution
		{A55B0951-7D08-4982-BCC4-3391BA61BDD0}.Debug|Any CPU.ActiveCfg = Debug|Any CPU
		{A55B0951-7D08-4982-BCC4-3391BA61BDD0}.Debug|Any CPU.Build.0 = Debug|Any CPU
		{A55B0951-7D08-4982-BCC4-3391BA61BDD0}.Release|Any CPU.ActiveCfg = Release|Any CPU
		{A55B0951-7D08-4982-BCC4-3391BA61BDD0}.Release|Any CPU.Build.0 = Release|Any CPU
	EndGlobalSection
	GlobalSection(SolutionProperties) = preSolution
		HideSolutionNode = FALSE
	EndGlobalSection
	GlobalSection(ExtensibilityGlobals) = postSolution
		SolutionGuid = {94F44142-596E-4552-9380-4A0162A15C01}
	EndGlobalSection
EndGlobal
